# This file was autogenerated by Stack.
# You should not edit this file by hand.
# For more information, please see the documentation at:
#   https://docs.haskellstack.org/en/stable/lock_files

packages:
- completed:
    size: 38353
    url: https://github.com/cschank/petri-app-land/archive/0.1.10.0.tar.gz
    cabal-file:
      size: 2540
      sha256: 8b6057658b5c9c64225b6f0da2e93f5ae33db7db0a51fbd9e64e54d866bf8511
    name: petri-app-land
    version: 0.1.10.0
    sha256: 14a0c5dff1b00b98c57ce7d2b9fce1647f2b200820faa0090110c7eb1845e9f5
    pantry-tree:
      size: 1856
      sha256: 6ccadb65a013139c5734cccf2fc3c68a0685665cf166c18eaacd8950662925d6
  original:
    url: https://github.com/cschank/petri-app-land/archive/0.1.10.0.tar.gz
snapshots:
- completed:
    size: 498186
    url: https://raw.githubusercontent.com/commercialhaskell/stackage-snapshots/master/lts/13/22.yaml
    sha256: d4f07dc3d5658260c2fe34266ad7618f6c84d34decf559c9c786ac1cfccf4e7b
  original: lts-13.22
