# This file was autogenerated by Stack.
# You should not edit this file by hand.
# For more information, please see the documentation at:
#   https://docs.haskellstack.org/en/stable/lock_files

packages:
- completed:
    hackage: acid-state-0.15.0@sha256:7c14f5a7688e2179289584de516bd1385e4ee7788796e9590e9fe822d4224b9a,5924
    pantry-tree:
      size: 13811
      sha256: 3adb45ee30a1b79df2dff9d997239739f70c75ba0b501bf4806ea8a60916dea3
  original:
    hackage: acid-state-0.15.0
- completed:
    hackage: ixset-1.1.1@sha256:b51a990fef4f8e82b0f508765a4a19b124df6cb320e64e841f9fc51d58b7ff74,1597
    pantry-tree:
      size: 388
      sha256: 3843dc696f0c93fc6e73051a94455dc08136db684a05af3ad26424cfefdaf4ff
  original:
    hackage: ixset-1.1.1
- completed:
    hackage: syb-with-class-0.6.1.10@sha256:4b2b866a0a2e34e84fd5c817581fb0aba83f2539777a33af44668956d5ec99e1,1528
    pantry-tree:
      size: 477
      sha256: deb169bfdaa6a5be49ba84f1c3ed6f794d128618e70a280dcc3b16e196964930
  original:
    hackage: syb-with-class-0.6.1.10
- completed:
    hackage: typerep-map-0.3.0@sha256:db693ef3ebbbd44722c5547a78ebbd29efc746923d8cb18744c2049acbe35480,4268
    pantry-tree:
      size: 1462
      sha256: 7670000b2c647039549977434885b92d7d3b1552dce23c022277c57db22f5c35
  original:
    hackage: typerep-map-0.3.0
- completed:
    hackage: primitive-0.6.4.0@sha256:5b6a2c3cc70a35aabd4565fcb9bb1dd78fe2814a36e62428a9a1aae8c32441a1,2079
    pantry-tree:
      size: 1517
      sha256: 5d5e591311664886e88ade3da6880c32adf0d1fe80c55f40a3c93bb91df8fdeb
  original:
    hackage: primitive-0.6.4.0
snapshots:
- completed:
    size: 498186
    url: https://raw.githubusercontent.com/commercialhaskell/stackage-snapshots/master/lts/13/22.yaml
    sha256: d4f07dc3d5658260c2fe34266ad7618f6c84d34decf559c9c786ac1cfccf4e7b
  original: lts-13.22
